
Microsoft Visual Studio Solution File, Format Version 12.00
# Visual Studio Version 16
VisualStudioVersion = 16.0.31019.35
MinimumVisualStudioVersion = 10.0.40219.1
Project("{FAE04EC0-301F-11D3-BF4B-00C04F79EFBC}") = "M3Oblig1", "M3Oblig1.csproj", "{14532B6C-9DD1-41D8-A6A3-BF329334EDA2}"
EndProject
Project("{FAE04EC0-301F-11D3-BF4B-00C04F79EFBC}") = "M3Oblig1Test", "..\M3Oblig1Test\M3Oblig1Test.csproj", "{BD085831-82FA-4060-BADA-9303F6F7B7C1}"
EndProject
Global
	GlobalSection(SolutionConfigurationPlatforms) = preSolution
		Debug|Any CPU = Debug|Any CPU
		Release|Any CPU = Release|Any CPU
	EndGlobalSection
	GlobalSection(ProjectConfigurationPlatforms) = postSolution
		{14532B6C-9DD1-41D8-A6A3-BF329334EDA2}.Debug|Any CPU.ActiveCfg = Debug|Any CPU
		{14532B6C-9DD1-41D8-A6A3-BF329334EDA2}.Debug|Any CPU.Build.0 = Debug|Any CPU
		{14532B6C-9DD1-41D8-A6A3-BF329334EDA2}.Release|Any CPU.ActiveCfg = Release|Any CPU
		{14532B6C-9DD1-41D8-A6A3-BF329334EDA2}.Release|Any CPU.Build.0 = Release|Any CPU
		{BD085831-82FA-4060-BADA-9303F6F7B7C1}.Debug|Any CPU.ActiveCfg = Debug|Any CPU
		{BD085831-82FA-4060-BADA-9303F6F7B7C1}.Debug|Any CPU.Build.0 = Debug|Any CPU
		{BD085831-82FA-4060-BADA-9303F6F7B7C1}.Release|Any CPU.ActiveCfg = Release|Any CPU
		{BD085831-82FA-4060-BADA-9303F6F7B7C1}.Release|Any CPU.Build.0 = Release|Any CPU
	EndGlobalSection
	GlobalSection(SolutionProperties) = preSolution
		HideSolutionNode = FALSE
	EndGlobalSection
	GlobalSection(ExtensibilityGlobals) = postSolution
		SolutionGuid = {17EDB8A2-101C-4D01-A0B8-8A525FA4ADAA}
	EndGlobalSection
EndGlobal
